
Microsoft Visual Studio Solution File, Format Version 12.00
# Visual Studio Version 17
VisualStudioVersion = 17.8.34408.163
MinimumVisualStudioVersion = 10.0.40219.1
Project("{FAE04EC0-301F-11D3-BF4B-00C04F79EFBC}") = "Backend1", "Backend1.csproj", "{EEA97BEF-FA6B-4061-B0A1-6BD882348D43}"
EndProject
Global
	GlobalSection(SolutionConfigurationPlatforms) = preSolution
		Debug|Any CPU = Debug|Any CPU
		Release|Any CPU = Release|Any CPU
	EndGlobalSection
	GlobalSection(ProjectConfigurationPlatforms) = postSolution
		{EEA97BEF-FA6B-4061-B0A1-6BD882348D43}.Debug|Any CPU.ActiveCfg = Debug|Any CPU
		{EEA97BEF-FA6B-4061-B0A1-6BD882348D43}.Debug|Any CPU.Build.0 = Debug|Any CPU
		{EEA97BEF-FA6B-4061-B0A1-6BD882348D43}.Release|Any CPU.ActiveCfg = Release|Any CPU
		{EEA97BEF-FA6B-4061-B0A1-6BD882348D43}.Release|Any CPU.Build.0 = Release|Any CPU
	EndGlobalSection
	GlobalSection(SolutionProperties) = preSolution
		HideSolutionNode = FALSE
	EndGlobalSection
	GlobalSection(ExtensibilityGlobals) = postSolution
		SolutionGuid = {5114E21B-2BD7-4E13-BF2E-D5AE33B0D734}
	EndGlobalSection
EndGlobal
